{
    "version": 3,
    "terraform_version": "0.11.7",
    "serial": 10,
    "lineage": "8db44fbe-ca78-bf10-e232-c3963c12b864",
    "modules": [
        {
            "path": [
                "root"
            ],
            "outputs": {},
            "resources": {
                "aws_s3_bucket.docker-swarm-init-bucket": {
                    "type": "aws_s3_bucket",
                    "depends_on": [],
                    "primary": {
                        "id": "dev.tokens.tmcloud.io",
                        "attributes": {
                            "acceleration_status": "",
                            "acl": "private",
                            "arn": "arn:aws:s3:::dev.tokens.tmcloud.io",
                            "bucket": "dev.tokens.tmcloud.io",
                            "bucket_domain_name": "dev.tokens.tmcloud.io.s3.amazonaws.com",
                            "force_destroy": "true",
                            "hosted_zone_id": "Z21DNDUVLTQW6Q",
                            "id": "dev.tokens.tmcloud.io",
                            "logging.#": "0",
                            "region": "eu-central-1",
                            "replication_configuration.#": "0",
                            "request_payer": "BucketOwner",
                            "server_side_encryption_configuration.#": "0",
                            "tags.%": "0",
                            "versioning.#": "1",
                            "versioning.0.enabled": "false",
                            "versioning.0.mfa_delete": "false",
                            "website.#": "0"
                        },
                        "meta": {},
                        "tainted": false
                    },
                    "deposed": [],
                    "provider": "provider.aws"
                },
                "data.aws_route53_zone.selected": {
                    "type": "aws_route53_zone",
                    "depends_on": [],
                    "primary": {
                        "id": "Z13Q9ULOUDBO65",
                        "attributes": {
                            "caller_reference": "RISWorkflow-RD:028c6566-30d2-4d7a-b984-ba31b1baad8b",
                            "comment": "HostedZone created by Route53 Registrar",
                            "id": "Z13Q9ULOUDBO65",
                            "name": "tmcloud.io.",
                            "name_servers.#": "4",
                            "name_servers.0": "ns-93.awsdns-11.com",
                            "name_servers.1": "ns-1148.awsdns-15.org",
                            "name_servers.2": "ns-733.awsdns-27.net",
                            "name_servers.3": "ns-1929.awsdns-49.co.uk",
                            "private_zone": "false",
                            "resource_record_set_count": "6",
                            "zone_id": "Z13Q9ULOUDBO65"
                        },
                        "meta": {},
                        "tainted": false
                    },
                    "deposed": [],
                    "provider": "provider.aws"
                },
                "digitalocean_droplet.manager-primary": {
                    "type": "digitalocean_droplet",
                    "depends_on": [
                        "aws_s3_bucket.docker-swarm-init-bucket",
                        "digitalocean_tag.docker-swarm-env",
                        "digitalocean_tag.manager"
                    ],
                    "primary": {
                        "id": "93799192",
                        "attributes": {
                            "disk": "80",
                            "id": "93799192",
                            "image": "docker-16-04",
                            "ipv4_address": "46.101.121.137",
                            "ipv4_address_private": "10.135.40.36",
                            "locked": "false",
                            "monitoring": "true",
                            "name": "dev-swarm-manager-leader",
                            "price_hourly": "0.02976",
                            "price_monthly": "20",
                            "private_networking": "true",
                            "region": "fra1",
                            "resize_disk": "true",
                            "size": "s-2vcpu-4gb",
                            "ssh_keys.#": "1",
                            "ssh_keys.0": "c8:00:bc:04:6d:a5:a6:f8:a9:e6:b9:01:90:3e:ae:b9",
                            "status": "active",
                            "tags.#": "2",
                            "tags.0": "dev-docker-swarm-manager",
                            "tags.1": "dev-docker-swarm",
                            "user_data": "#cloud-config\n\nssh_authorized_keys:\n — \"ssh-rsa AAAAB3NzaC1yc2EAAAADAQABAAACAQCrfb73+DQGKB8XSGO7tr+d4BPcT4KGUtRXVhSofmwFaHlMkrUtca8ysDaCxXttnJjlXLyt250hOyv32sVxr6JgpmReGaXwrNkiObdTD9p3BwT1sfaTg5QJ4WmKLk9rELUtQtNOQ2/6gatBWNAGHh2xNj7Qb2PjCf1IldMkhGtMNJGTwqpYQ6mrU6Dm2SMSjFU83f3doMrwRGLihJSoQ+To6xC29C6L58IE448HQhtoj+0mdvwBMLe3PXqgxv+UwVJHtIGO9BfP5Wv7Hj5jx+sA2B+cKriNxEOQI1K+/u5pR/VTCcbwpWnsHDt8UMhpHCQAdGSsFb9Pj+8rzRP61Hn8jXm+Ug4FRT+q3zVivcYtwMnkIT+nyO0YyHcXL628KKNyZ0YGvDw2tJ3yEItggTfyIfXf/Bkfvgq1mv61EiMniD25oMJ7CwdMZ8FE8eArwxPOcwTEoonQd0I1y+OXvKhXVgVUC2xl4vo0OW85nL5DiPlLYdhfpqLLCilqrjMbu7VHAgUM9L81B3NjvChOEWB0grXloQmsy/ZuzpImb5Re5KSBTYOCSVn/rDL5k7zVl9KhgcoNSTmZMV9e6dgUY78yI1uvPZ/iopTPr19OfTJE+lAUmmoB4EBjY2bHKfq2FfHHGJ1NKUI4xHu5tD/zMqpTFgIT9c4fziq5fw9Pn+LEkw== rarous@rarousbook.local\n\"\n",
                            "vcpus": "2"
                        },
                        "meta": {},
                        "tainted": false
                    },
                    "deposed": [],
                    "provider": "provider.digitalocean"
                },
                "digitalocean_droplet.manager-replica.0": {
                    "type": "digitalocean_droplet",
                    "depends_on": [
                        "aws_s3_bucket.docker-swarm-init-bucket",
                        "digitalocean_droplet.postgres",
                        "digitalocean_droplet.postgres.*",
                        "digitalocean_droplet.worker",
                        "digitalocean_droplet.worker.*",
                        "digitalocean_tag.docker-swarm-env",
                        "digitalocean_tag.manager"
                    ],
                    "primary": {
                        "id": "93802889",
                        "attributes": {
                            "disk": "80",
                            "id": "93802889",
                            "image": "docker-16-04",
                            "ipv4_address": "167.99.244.110",
                            "ipv4_address_private": "10.135.66.222",
                            "locked": "false",
                            "monitoring": "true",
                            "name": "dev-swarm-manager-0",
                            "price_hourly": "0.02976",
                            "price_monthly": "20",
                            "private_networking": "true",
                            "region": "fra1",
                            "resize_disk": "true",
                            "size": "s-2vcpu-4gb",
                            "ssh_keys.#": "1",
                            "ssh_keys.0": "c8:00:bc:04:6d:a5:a6:f8:a9:e6:b9:01:90:3e:ae:b9",
                            "status": "active",
                            "tags.#": "2",
                            "tags.0": "dev-docker-swarm-manager",
                            "tags.1": "dev-docker-swarm",
                            "user_data": "#cloud-config\n\nssh_authorized_keys:\n — \"ssh-rsa AAAAB3NzaC1yc2EAAAADAQABAAACAQCrfb73+DQGKB8XSGO7tr+d4BPcT4KGUtRXVhSofmwFaHlMkrUtca8ysDaCxXttnJjlXLyt250hOyv32sVxr6JgpmReGaXwrNkiObdTD9p3BwT1sfaTg5QJ4WmKLk9rELUtQtNOQ2/6gatBWNAGHh2xNj7Qb2PjCf1IldMkhGtMNJGTwqpYQ6mrU6Dm2SMSjFU83f3doMrwRGLihJSoQ+To6xC29C6L58IE448HQhtoj+0mdvwBMLe3PXqgxv+UwVJHtIGO9BfP5Wv7Hj5jx+sA2B+cKriNxEOQI1K+/u5pR/VTCcbwpWnsHDt8UMhpHCQAdGSsFb9Pj+8rzRP61Hn8jXm+Ug4FRT+q3zVivcYtwMnkIT+nyO0YyHcXL628KKNyZ0YGvDw2tJ3yEItggTfyIfXf/Bkfvgq1mv61EiMniD25oMJ7CwdMZ8FE8eArwxPOcwTEoonQd0I1y+OXvKhXVgVUC2xl4vo0OW85nL5DiPlLYdhfpqLLCilqrjMbu7VHAgUM9L81B3NjvChOEWB0grXloQmsy/ZuzpImb5Re5KSBTYOCSVn/rDL5k7zVl9KhgcoNSTmZMV9e6dgUY78yI1uvPZ/iopTPr19OfTJE+lAUmmoB4EBjY2bHKfq2FfHHGJ1NKUI4xHu5tD/zMqpTFgIT9c4fziq5fw9Pn+LEkw== rarous@rarousbook.local\n\"\n",
                            "vcpus": "2"
                        },
                        "meta": {},
                        "tainted": false
                    },
                    "deposed": [],
                    "provider": "provider.digitalocean"
                },
                "digitalocean_droplet.manager-replica.1": {
                    "type": "digitalocean_droplet",
                    "depends_on": [
                        "aws_s3_bucket.docker-swarm-init-bucket",
                        "digitalocean_droplet.postgres",
                        "digitalocean_droplet.postgres.*",
                        "digitalocean_droplet.worker",
                        "digitalocean_droplet.worker.*",
                        "digitalocean_tag.docker-swarm-env",
                        "digitalocean_tag.manager"
                    ],
                    "primary": {
                        "id": "93802890",
                        "attributes": {
                            "disk": "80",
                            "id": "93802890",
                            "image": "docker-16-04",
                            "ipv4_address": "167.99.252.52",
                            "ipv4_address_private": "10.135.85.112",
                            "locked": "false",
                            "monitoring": "true",
                            "name": "dev-swarm-manager-1",
                            "price_hourly": "0.02976",
                            "price_monthly": "20",
                            "private_networking": "true",
                            "region": "fra1",
                            "resize_disk": "true",
                            "size": "s-2vcpu-4gb",
                            "ssh_keys.#": "1",
                            "ssh_keys.0": "c8:00:bc:04:6d:a5:a6:f8:a9:e6:b9:01:90:3e:ae:b9",
                            "status": "active",
                            "tags.#": "2",
                            "tags.0": "dev-docker-swarm-manager",
                            "tags.1": "dev-docker-swarm",
                            "user_data": "#cloud-config\n\nssh_authorized_keys:\n — \"ssh-rsa AAAAB3NzaC1yc2EAAAADAQABAAACAQCrfb73+DQGKB8XSGO7tr+d4BPcT4KGUtRXVhSofmwFaHlMkrUtca8ysDaCxXttnJjlXLyt250hOyv32sVxr6JgpmReGaXwrNkiObdTD9p3BwT1sfaTg5QJ4WmKLk9rELUtQtNOQ2/6gatBWNAGHh2xNj7Qb2PjCf1IldMkhGtMNJGTwqpYQ6mrU6Dm2SMSjFU83f3doMrwRGLihJSoQ+To6xC29C6L58IE448HQhtoj+0mdvwBMLe3PXqgxv+UwVJHtIGO9BfP5Wv7Hj5jx+sA2B+cKriNxEOQI1K+/u5pR/VTCcbwpWnsHDt8UMhpHCQAdGSsFb9Pj+8rzRP61Hn8jXm+Ug4FRT+q3zVivcYtwMnkIT+nyO0YyHcXL628KKNyZ0YGvDw2tJ3yEItggTfyIfXf/Bkfvgq1mv61EiMniD25oMJ7CwdMZ8FE8eArwxPOcwTEoonQd0I1y+OXvKhXVgVUC2xl4vo0OW85nL5DiPlLYdhfpqLLCilqrjMbu7VHAgUM9L81B3NjvChOEWB0grXloQmsy/ZuzpImb5Re5KSBTYOCSVn/rDL5k7zVl9KhgcoNSTmZMV9e6dgUY78yI1uvPZ/iopTPr19OfTJE+lAUmmoB4EBjY2bHKfq2FfHHGJ1NKUI4xHu5tD/zMqpTFgIT9c4fziq5fw9Pn+LEkw== rarous@rarousbook.local\n\"\n",
                            "vcpus": "2"
                        },
                        "meta": {},
                        "tainted": false
                    },
                    "deposed": [],
                    "provider": "provider.digitalocean"
                },
                "digitalocean_droplet.postgres": {
                    "type": "digitalocean_droplet",
                    "depends_on": [
                        "aws_s3_bucket.docker-swarm-init-bucket",
                        "digitalocean_droplet.manager-primary",
                        "digitalocean_tag.docker-swarm-env",
                        "digitalocean_tag.postgres",
                        "digitalocean_volume.postgres-storage"
                    ],
                    "primary": {
                        "id": "93799812",
                        "attributes": {
                            "disk": "160",
                            "id": "93799812",
                            "image": "docker-16-04",
                            "ipv4_address": "167.99.252.204",
                            "ipv4_address_private": "10.135.89.97",
                            "locked": "false",
                            "monitoring": "true",
                            "name": "dev-swarm-postgres-worker-0",
                            "price_hourly": "0.05952",
                            "price_monthly": "40",
                            "private_networking": "true",
                            "region": "fra1",
                            "resize_disk": "true",
                            "size": "s-4vcpu-8gb",
                            "ssh_keys.#": "1",
                            "ssh_keys.0": "c8:00:bc:04:6d:a5:a6:f8:a9:e6:b9:01:90:3e:ae:b9",
                            "status": "active",
                            "tags.#": "2",
                            "tags.0": "dev-docker-swarm-postgres",
                            "tags.1": "dev-docker-swarm",
                            "user_data": "#cloud-config\n\nssh_authorized_keys:\n — \"ssh-rsa AAAAB3NzaC1yc2EAAAADAQABAAACAQCrfb73+DQGKB8XSGO7tr+d4BPcT4KGUtRXVhSofmwFaHlMkrUtca8ysDaCxXttnJjlXLyt250hOyv32sVxr6JgpmReGaXwrNkiObdTD9p3BwT1sfaTg5QJ4WmKLk9rELUtQtNOQ2/6gatBWNAGHh2xNj7Qb2PjCf1IldMkhGtMNJGTwqpYQ6mrU6Dm2SMSjFU83f3doMrwRGLihJSoQ+To6xC29C6L58IE448HQhtoj+0mdvwBMLe3PXqgxv+UwVJHtIGO9BfP5Wv7Hj5jx+sA2B+cKriNxEOQI1K+/u5pR/VTCcbwpWnsHDt8UMhpHCQAdGSsFb9Pj+8rzRP61Hn8jXm+Ug4FRT+q3zVivcYtwMnkIT+nyO0YyHcXL628KKNyZ0YGvDw2tJ3yEItggTfyIfXf/Bkfvgq1mv61EiMniD25oMJ7CwdMZ8FE8eArwxPOcwTEoonQd0I1y+OXvKhXVgVUC2xl4vo0OW85nL5DiPlLYdhfpqLLCilqrjMbu7VHAgUM9L81B3NjvChOEWB0grXloQmsy/ZuzpImb5Re5KSBTYOCSVn/rDL5k7zVl9KhgcoNSTmZMV9e6dgUY78yI1uvPZ/iopTPr19OfTJE+lAUmmoB4EBjY2bHKfq2FfHHGJ1NKUI4xHu5tD/zMqpTFgIT9c4fziq5fw9Pn+LEkw== rarous@rarousbook.local\n\"\n",
                            "vcpus": "4",
                            "volume_ids.#": "1",
                            "volume_ids.0": "3cb5a59a-584e-11e8-982a-0242ac110411"
                        },
                        "meta": {},
                        "tainted": false
                    },
                    "deposed": [],
                    "provider": "provider.digitalocean"
                },
                "digitalocean_droplet.worker.0": {
                    "type": "digitalocean_droplet",
                    "depends_on": [
                        "aws_s3_bucket.docker-swarm-init-bucket",
                        "digitalocean_droplet.manager-primary",
                        "digitalocean_tag.docker-swarm-env",
                        "digitalocean_tag.worker"
                    ],
                    "primary": {
                        "id": "93802000",
                        "attributes": {
                            "disk": "160",
                            "id": "93802000",
                            "image": "docker-16-04",
                            "ipv4_address": "159.89.105.177",
                            "ipv4_address_private": "10.135.66.158",
                            "locked": "false",
                            "monitoring": "true",
                            "name": "dev-swarm-worker-0",
                            "price_hourly": "0.05952",
                            "price_monthly": "40",
                            "private_networking": "true",
                            "region": "fra1",
                            "resize_disk": "true",
                            "size": "s-4vcpu-8gb",
                            "ssh_keys.#": "1",
                            "ssh_keys.0": "c8:00:bc:04:6d:a5:a6:f8:a9:e6:b9:01:90:3e:ae:b9",
                            "status": "active",
                            "tags.#": "2",
                            "tags.0": "dev-docker-swarm-worker",
                            "tags.1": "dev-docker-swarm",
                            "user_data": "#cloud-config\n\nssh_authorized_keys:\n — \"ssh-rsa AAAAB3NzaC1yc2EAAAADAQABAAACAQCrfb73+DQGKB8XSGO7tr+d4BPcT4KGUtRXVhSofmwFaHlMkrUtca8ysDaCxXttnJjlXLyt250hOyv32sVxr6JgpmReGaXwrNkiObdTD9p3BwT1sfaTg5QJ4WmKLk9rELUtQtNOQ2/6gatBWNAGHh2xNj7Qb2PjCf1IldMkhGtMNJGTwqpYQ6mrU6Dm2SMSjFU83f3doMrwRGLihJSoQ+To6xC29C6L58IE448HQhtoj+0mdvwBMLe3PXqgxv+UwVJHtIGO9BfP5Wv7Hj5jx+sA2B+cKriNxEOQI1K+/u5pR/VTCcbwpWnsHDt8UMhpHCQAdGSsFb9Pj+8rzRP61Hn8jXm+Ug4FRT+q3zVivcYtwMnkIT+nyO0YyHcXL628KKNyZ0YGvDw2tJ3yEItggTfyIfXf/Bkfvgq1mv61EiMniD25oMJ7CwdMZ8FE8eArwxPOcwTEoonQd0I1y+OXvKhXVgVUC2xl4vo0OW85nL5DiPlLYdhfpqLLCilqrjMbu7VHAgUM9L81B3NjvChOEWB0grXloQmsy/ZuzpImb5Re5KSBTYOCSVn/rDL5k7zVl9KhgcoNSTmZMV9e6dgUY78yI1uvPZ/iopTPr19OfTJE+lAUmmoB4EBjY2bHKfq2FfHHGJ1NKUI4xHu5tD/zMqpTFgIT9c4fziq5fw9Pn+LEkw== rarous@rarousbook.local\n\"\n",
                            "vcpus": "4"
                        },
                        "meta": {},
                        "tainted": false
                    },
                    "deposed": [],
                    "provider": "provider.digitalocean"
                },
                "digitalocean_droplet.worker.1": {
                    "type": "digitalocean_droplet",
                    "depends_on": [
                        "aws_s3_bucket.docker-swarm-init-bucket",
                        "digitalocean_droplet.manager-primary",
                        "digitalocean_tag.docker-swarm-env",
                        "digitalocean_tag.worker"
                    ],
                    "primary": {
                        "id": "93799807",
                        "attributes": {
                            "disk": "160",
                            "id": "93799807",
                            "image": "docker-16-04",
                            "ipv4_address": "167.99.252.130",
                            "ipv4_address_private": "10.135.89.15",
                            "locked": "false",
                            "monitoring": "true",
                            "name": "dev-swarm-worker-1",
                            "price_hourly": "0.05952",
                            "price_monthly": "40",
                            "private_networking": "true",
                            "region": "fra1",
                            "resize_disk": "true",
                            "size": "s-4vcpu-8gb",
                            "ssh_keys.#": "1",
                            "ssh_keys.0": "c8:00:bc:04:6d:a5:a6:f8:a9:e6:b9:01:90:3e:ae:b9",
                            "status": "active",
                            "tags.#": "2",
                            "tags.0": "dev-docker-swarm-worker",
                            "tags.1": "dev-docker-swarm",
                            "user_data": "#cloud-config\n\nssh_authorized_keys:\n — \"ssh-rsa AAAAB3NzaC1yc2EAAAADAQABAAACAQCrfb73+DQGKB8XSGO7tr+d4BPcT4KGUtRXVhSofmwFaHlMkrUtca8ysDaCxXttnJjlXLyt250hOyv32sVxr6JgpmReGaXwrNkiObdTD9p3BwT1sfaTg5QJ4WmKLk9rELUtQtNOQ2/6gatBWNAGHh2xNj7Qb2PjCf1IldMkhGtMNJGTwqpYQ6mrU6Dm2SMSjFU83f3doMrwRGLihJSoQ+To6xC29C6L58IE448HQhtoj+0mdvwBMLe3PXqgxv+UwVJHtIGO9BfP5Wv7Hj5jx+sA2B+cKriNxEOQI1K+/u5pR/VTCcbwpWnsHDt8UMhpHCQAdGSsFb9Pj+8rzRP61Hn8jXm+Ug4FRT+q3zVivcYtwMnkIT+nyO0YyHcXL628KKNyZ0YGvDw2tJ3yEItggTfyIfXf/Bkfvgq1mv61EiMniD25oMJ7CwdMZ8FE8eArwxPOcwTEoonQd0I1y+OXvKhXVgVUC2xl4vo0OW85nL5DiPlLYdhfpqLLCilqrjMbu7VHAgUM9L81B3NjvChOEWB0grXloQmsy/ZuzpImb5Re5KSBTYOCSVn/rDL5k7zVl9KhgcoNSTmZMV9e6dgUY78yI1uvPZ/iopTPr19OfTJE+lAUmmoB4EBjY2bHKfq2FfHHGJ1NKUI4xHu5tD/zMqpTFgIT9c4fziq5fw9Pn+LEkw== rarous@rarousbook.local\n\"\n",
                            "vcpus": "4"
                        },
                        "meta": {},
                        "tainted": false
                    },
                    "deposed": [],
                    "provider": "provider.digitalocean"
                },
                "digitalocean_droplet.worker.2": {
                    "type": "digitalocean_droplet",
                    "depends_on": [
                        "aws_s3_bucket.docker-swarm-init-bucket",
                        "digitalocean_droplet.manager-primary",
                        "digitalocean_tag.docker-swarm-env",
                        "digitalocean_tag.worker"
                    ],
                    "primary": {
                        "id": "93799811",
                        "attributes": {
                            "disk": "160",
                            "id": "93799811",
                            "image": "docker-16-04",
                            "ipv4_address": "167.99.252.217",
                            "ipv4_address_private": "10.135.89.100",
                            "locked": "false",
                            "monitoring": "true",
                            "name": "dev-swarm-worker-2",
                            "price_hourly": "0.05952",
                            "price_monthly": "40",
                            "private_networking": "true",
                            "region": "fra1",
                            "resize_disk": "true",
                            "size": "s-4vcpu-8gb",
                            "ssh_keys.#": "1",
                            "ssh_keys.0": "c8:00:bc:04:6d:a5:a6:f8:a9:e6:b9:01:90:3e:ae:b9",
                            "status": "active",
                            "tags.#": "2",
                            "tags.0": "dev-docker-swarm",
                            "tags.1": "dev-docker-swarm-worker",
                            "user_data": "#cloud-config\n\nssh_authorized_keys:\n — \"ssh-rsa AAAAB3NzaC1yc2EAAAADAQABAAACAQCrfb73+DQGKB8XSGO7tr+d4BPcT4KGUtRXVhSofmwFaHlMkrUtca8ysDaCxXttnJjlXLyt250hOyv32sVxr6JgpmReGaXwrNkiObdTD9p3BwT1sfaTg5QJ4WmKLk9rELUtQtNOQ2/6gatBWNAGHh2xNj7Qb2PjCf1IldMkhGtMNJGTwqpYQ6mrU6Dm2SMSjFU83f3doMrwRGLihJSoQ+To6xC29C6L58IE448HQhtoj+0mdvwBMLe3PXqgxv+UwVJHtIGO9BfP5Wv7Hj5jx+sA2B+cKriNxEOQI1K+/u5pR/VTCcbwpWnsHDt8UMhpHCQAdGSsFb9Pj+8rzRP61Hn8jXm+Ug4FRT+q3zVivcYtwMnkIT+nyO0YyHcXL628KKNyZ0YGvDw2tJ3yEItggTfyIfXf/Bkfvgq1mv61EiMniD25oMJ7CwdMZ8FE8eArwxPOcwTEoonQd0I1y+OXvKhXVgVUC2xl4vo0OW85nL5DiPlLYdhfpqLLCilqrjMbu7VHAgUM9L81B3NjvChOEWB0grXloQmsy/ZuzpImb5Re5KSBTYOCSVn/rDL5k7zVl9KhgcoNSTmZMV9e6dgUY78yI1uvPZ/iopTPr19OfTJE+lAUmmoB4EBjY2bHKfq2FfHHGJ1NKUI4xHu5tD/zMqpTFgIT9c4fziq5fw9Pn+LEkw== rarous@rarousbook.local\n\"\n",
                            "vcpus": "4"
                        },
                        "meta": {},
                        "tainted": false
                    },
                    "deposed": [],
                    "provider": "provider.digitalocean"
                },
                "digitalocean_droplet.worker.3": {
                    "type": "digitalocean_droplet",
                    "depends_on": [
                        "aws_s3_bucket.docker-swarm-init-bucket",
                        "digitalocean_droplet.manager-primary",
                        "digitalocean_tag.docker-swarm-env",
                        "digitalocean_tag.worker"
                    ],
                    "primary": {
                        "id": "93802001",
                        "attributes": {
                            "disk": "160",
                            "id": "93802001",
                            "image": "docker-16-04",
                            "ipv4_address": "167.99.141.133",
                            "ipv4_address_private": "10.135.79.11",
                            "locked": "false",
                            "monitoring": "true",
                            "name": "dev-swarm-worker-3",
                            "price_hourly": "0.05952",
                            "price_monthly": "40",
                            "private_networking": "true",
                            "region": "fra1",
                            "resize_disk": "true",
                            "size": "s-4vcpu-8gb",
                            "ssh_keys.#": "1",
                            "ssh_keys.0": "c8:00:bc:04:6d:a5:a6:f8:a9:e6:b9:01:90:3e:ae:b9",
                            "status": "active",
                            "tags.#": "2",
                            "tags.0": "dev-docker-swarm-worker",
                            "tags.1": "dev-docker-swarm",
                            "user_data": "#cloud-config\n\nssh_authorized_keys:\n — \"ssh-rsa AAAAB3NzaC1yc2EAAAADAQABAAACAQCrfb73+DQGKB8XSGO7tr+d4BPcT4KGUtRXVhSofmwFaHlMkrUtca8ysDaCxXttnJjlXLyt250hOyv32sVxr6JgpmReGaXwrNkiObdTD9p3BwT1sfaTg5QJ4WmKLk9rELUtQtNOQ2/6gatBWNAGHh2xNj7Qb2PjCf1IldMkhGtMNJGTwqpYQ6mrU6Dm2SMSjFU83f3doMrwRGLihJSoQ+To6xC29C6L58IE448HQhtoj+0mdvwBMLe3PXqgxv+UwVJHtIGO9BfP5Wv7Hj5jx+sA2B+cKriNxEOQI1K+/u5pR/VTCcbwpWnsHDt8UMhpHCQAdGSsFb9Pj+8rzRP61Hn8jXm+Ug4FRT+q3zVivcYtwMnkIT+nyO0YyHcXL628KKNyZ0YGvDw2tJ3yEItggTfyIfXf/Bkfvgq1mv61EiMniD25oMJ7CwdMZ8FE8eArwxPOcwTEoonQd0I1y+OXvKhXVgVUC2xl4vo0OW85nL5DiPlLYdhfpqLLCilqrjMbu7VHAgUM9L81B3NjvChOEWB0grXloQmsy/ZuzpImb5Re5KSBTYOCSVn/rDL5k7zVl9KhgcoNSTmZMV9e6dgUY78yI1uvPZ/iopTPr19OfTJE+lAUmmoB4EBjY2bHKfq2FfHHGJ1NKUI4xHu5tD/zMqpTFgIT9c4fziq5fw9Pn+LEkw== rarous@rarousbook.local\n\"\n",
                            "vcpus": "4"
                        },
                        "meta": {},
                        "tainted": false
                    },
                    "deposed": [],
                    "provider": "provider.digitalocean"
                },
                "digitalocean_droplet.worker.4": {
                    "type": "digitalocean_droplet",
                    "depends_on": [
                        "aws_s3_bucket.docker-swarm-init-bucket",
                        "digitalocean_droplet.manager-primary",
                        "digitalocean_tag.docker-swarm-env",
                        "digitalocean_tag.worker"
                    ],
                    "primary": {
                        "id": "93799810",
                        "attributes": {
                            "disk": "160",
                            "id": "93799810",
                            "image": "docker-16-04",
                            "ipv4_address": "167.99.252.162",
                            "ipv4_address_private": "10.135.89.58",
                            "locked": "false",
                            "monitoring": "true",
                            "name": "dev-swarm-worker-4",
                            "price_hourly": "0.05952",
                            "price_monthly": "40",
                            "private_networking": "true",
                            "region": "fra1",
                            "resize_disk": "true",
                            "size": "s-4vcpu-8gb",
                            "ssh_keys.#": "1",
                            "ssh_keys.0": "c8:00:bc:04:6d:a5:a6:f8:a9:e6:b9:01:90:3e:ae:b9",
                            "status": "active",
                            "tags.#": "2",
                            "tags.0": "dev-docker-swarm-worker",
                            "tags.1": "dev-docker-swarm",
                            "user_data": "#cloud-config\n\nssh_authorized_keys:\n — \"ssh-rsa AAAAB3NzaC1yc2EAAAADAQABAAACAQCrfb73+DQGKB8XSGO7tr+d4BPcT4KGUtRXVhSofmwFaHlMkrUtca8ysDaCxXttnJjlXLyt250hOyv32sVxr6JgpmReGaXwrNkiObdTD9p3BwT1sfaTg5QJ4WmKLk9rELUtQtNOQ2/6gatBWNAGHh2xNj7Qb2PjCf1IldMkhGtMNJGTwqpYQ6mrU6Dm2SMSjFU83f3doMrwRGLihJSoQ+To6xC29C6L58IE448HQhtoj+0mdvwBMLe3PXqgxv+UwVJHtIGO9BfP5Wv7Hj5jx+sA2B+cKriNxEOQI1K+/u5pR/VTCcbwpWnsHDt8UMhpHCQAdGSsFb9Pj+8rzRP61Hn8jXm+Ug4FRT+q3zVivcYtwMnkIT+nyO0YyHcXL628KKNyZ0YGvDw2tJ3yEItggTfyIfXf/Bkfvgq1mv61EiMniD25oMJ7CwdMZ8FE8eArwxPOcwTEoonQd0I1y+OXvKhXVgVUC2xl4vo0OW85nL5DiPlLYdhfpqLLCilqrjMbu7VHAgUM9L81B3NjvChOEWB0grXloQmsy/ZuzpImb5Re5KSBTYOCSVn/rDL5k7zVl9KhgcoNSTmZMV9e6dgUY78yI1uvPZ/iopTPr19OfTJE+lAUmmoB4EBjY2bHKfq2FfHHGJ1NKUI4xHu5tD/zMqpTFgIT9c4fziq5fw9Pn+LEkw== rarous@rarousbook.local\n\"\n",
                            "vcpus": "4"
                        },
                        "meta": {},
                        "tainted": false
                    },
                    "deposed": [],
                    "provider": "provider.digitalocean"
                },
                "digitalocean_tag.docker-swarm-env": {
                    "type": "digitalocean_tag",
                    "depends_on": [],
                    "primary": {
                        "id": "dev-docker-swarm",
                        "attributes": {
                            "id": "dev-docker-swarm",
                            "name": "dev-docker-swarm"
                        },
                        "meta": {},
                        "tainted": false
                    },
                    "deposed": [],
                    "provider": "provider.digitalocean"
                },
                "digitalocean_tag.manager": {
                    "type": "digitalocean_tag",
                    "depends_on": [],
                    "primary": {
                        "id": "dev-docker-swarm-manager",
                        "attributes": {
                            "id": "dev-docker-swarm-manager",
                            "name": "dev-docker-swarm-manager"
                        },
                        "meta": {},
                        "tainted": false
                    },
                    "deposed": [],
                    "provider": "provider.digitalocean"
                },
                "digitalocean_tag.postgres": {
                    "type": "digitalocean_tag",
                    "depends_on": [],
                    "primary": {
                        "id": "dev-docker-swarm-postgres",
                        "attributes": {
                            "id": "dev-docker-swarm-postgres",
                            "name": "dev-docker-swarm-postgres"
                        },
                        "meta": {},
                        "tainted": false
                    },
                    "deposed": [],
                    "provider": "provider.digitalocean"
                },
                "digitalocean_tag.worker": {
                    "type": "digitalocean_tag",
                    "depends_on": [],
                    "primary": {
                        "id": "dev-docker-swarm-worker",
                        "attributes": {
                            "id": "dev-docker-swarm-worker",
                            "name": "dev-docker-swarm-worker"
                        },
                        "meta": {},
                        "tainted": false
                    },
                    "deposed": [],
                    "provider": "provider.digitalocean"
                },
                "digitalocean_volume.postgres-storage": {
                    "type": "digitalocean_volume",
                    "depends_on": [],
                    "primary": {
                        "id": "3cb5a59a-584e-11e8-982a-0242ac110411",
                        "attributes": {
                            "droplet_ids.#": "1",
                            "droplet_ids.3239363403": "93799812",
                            "id": "3cb5a59a-584e-11e8-982a-0242ac110411",
                            "name": "dev-postgres-storage",
                            "region": "fra1",
                            "size": "100"
                        },
                        "meta": {},
                        "tainted": false
                    },
                    "deposed": [],
                    "provider": "provider.digitalocean"
                }
            },
            "depends_on": []
        }
    ]
}
